
Microsoft Visual Studio Solution File, Format Version 12.00
# Visual Studio Version 16
VisualStudioVersion = 16.0.31702.278
MinimumVisualStudioVersion = 10.0.40219.1
Project("{FAE04EC0-301F-11D3-BF4B-00C04F79EFBC}") = "demo application", "demo application.csproj", "{4AB4019D-3B13-4524-B3CF-C1427D03F5D6}"
EndProject
Global
	GlobalSection(SolutionConfigurationPlatforms) = preSolution
		Debug|Any CPU = Debug|Any CPU
		Release|Any CPU = Release|Any CPU
	EndGlobalSection
	GlobalSection(ProjectConfigurationPlatforms) = postSolution
		{4AB4019D-3B13-4524-B3CF-C1427D03F5D6}.Debug|Any CPU.ActiveCfg = Debug|Any CPU
		{4AB4019D-3B13-4524-B3CF-C1427D03F5D6}.Debug|Any CPU.Build.0 = Debug|Any CPU
		{4AB4019D-3B13-4524-B3CF-C1427D03F5D6}.Release|Any CPU.ActiveCfg = Release|Any CPU
		{4AB4019D-3B13-4524-B3CF-C1427D03F5D6}.Release|Any CPU.Build.0 = Release|Any CPU
	EndGlobalSection
	GlobalSection(SolutionProperties) = preSolution
		HideSolutionNode = FALSE
	EndGlobalSection
	GlobalSection(ExtensibilityGlobals) = postSolution
		SolutionGuid = {36D40E1F-3D8C-48C8-92D1-4F2450D4B9EF}
	EndGlobalSection
EndGlobal
